
Microsoft Visual Studio Solution File, Format Version 12.00
# Visual Studio Version 17
VisualStudioVersion = 17.13.35913.81 d17.13
MinimumVisualStudioVersion = 10.0.40219.1
Project("{FAE04EC0-301F-11D3-BF4B-00C04F79EFBC}") = "NotificationTests", "NotificationTests\NotificationTests.csproj", "{CC1DF2B4-DCB8-41E6-ADE5-B0AA96341C05}"
EndProject
Project("{FAE04EC0-301F-11D3-BF4B-00C04F79EFBC}") = "NotificationService.API", "..\NotificationService\NotificationService.API\NotificationService.API.csproj", "{601ADF74-52C2-DFCF-18E7-646025FB5C76}"
EndProject
Project("{FAE04EC0-301F-11D3-BF4B-00C04F79EFBC}") = "NotificationService.Application", "..\NotificationService\NotificationService.Application\NotificationService.Application.csproj", "{86B50003-12C3-8B3B-47D7-68FBFA4B4B81}"
EndProject
Project("{FAE04EC0-301F-11D3-BF4B-00C04F79EFBC}") = "NotificationService.Domain", "..\NotificationService\NotificationService.Domain\NotificationService.Domain.csproj", "{F7C5C605-807E-6CAE-DCB5-12B33CFA8F9A}"
EndProject
Project("{FAE04EC0-301F-11D3-BF4B-00C04F79EFBC}") = "NotificationService.Infrastructure", "..\NotificationService\NotificationService.Infrastructure\NotificationService.Infrastructure.csproj", "{E2303C56-097A-48B7-1E2C-F2BE730732A8}"
EndProject
Global
	GlobalSection(SolutionConfigurationPlatforms) = preSolution
		Debug|Any CPU = Debug|Any CPU
		Release|Any CPU = Release|Any CPU
	EndGlobalSection
	GlobalSection(ProjectConfigurationPlatforms) = postSolution
		{CC1DF2B4-DCB8-41E6-ADE5-B0AA96341C05}.Debug|Any CPU.ActiveCfg = Debug|Any CPU
		{CC1DF2B4-DCB8-41E6-ADE5-B0AA96341C05}.Debug|Any CPU.Build.0 = Debug|Any CPU
		{CC1DF2B4-DCB8-41E6-ADE5-B0AA96341C05}.Release|Any CPU.ActiveCfg = Release|Any CPU
		{CC1DF2B4-DCB8-41E6-ADE5-B0AA96341C05}.Release|Any CPU.Build.0 = Release|Any CPU
		{601ADF74-52C2-DFCF-18E7-646025FB5C76}.Debug|Any CPU.ActiveCfg = Debug|Any CPU
		{601ADF74-52C2-DFCF-18E7-646025FB5C76}.Debug|Any CPU.Build.0 = Debug|Any CPU
		{601ADF74-52C2-DFCF-18E7-646025FB5C76}.Release|Any CPU.ActiveCfg = Release|Any CPU
		{601ADF74-52C2-DFCF-18E7-646025FB5C76}.Release|Any CPU.Build.0 = Release|Any CPU
		{86B50003-12C3-8B3B-47D7-68FBFA4B4B81}.Debug|Any CPU.ActiveCfg = Debug|Any CPU
		{86B50003-12C3-8B3B-47D7-68FBFA4B4B81}.Debug|Any CPU.Build.0 = Debug|Any CPU
		{86B50003-12C3-8B3B-47D7-68FBFA4B4B81}.Release|Any CPU.ActiveCfg = Release|Any CPU
		{86B50003-12C3-8B3B-47D7-68FBFA4B4B81}.Release|Any CPU.Build.0 = Release|Any CPU
		{F7C5C605-807E-6CAE-DCB5-12B33CFA8F9A}.Debug|Any CPU.ActiveCfg = Debug|Any CPU
		{F7C5C605-807E-6CAE-DCB5-12B33CFA8F9A}.Debug|Any CPU.Build.0 = Debug|Any CPU
		{F7C5C605-807E-6CAE-DCB5-12B33CFA8F9A}.Release|Any CPU.ActiveCfg = Release|Any CPU
		{F7C5C605-807E-6CAE-DCB5-12B33CFA8F9A}.Release|Any CPU.Build.0 = Release|Any CPU
		{E2303C56-097A-48B7-1E2C-F2BE730732A8}.Debug|Any CPU.ActiveCfg = Debug|Any CPU
		{E2303C56-097A-48B7-1E2C-F2BE730732A8}.Debug|Any CPU.Build.0 = Debug|Any CPU
		{E2303C56-097A-48B7-1E2C-F2BE730732A8}.Release|Any CPU.ActiveCfg = Release|Any CPU
		{E2303C56-097A-48B7-1E2C-F2BE730732A8}.Release|Any CPU.Build.0 = Release|Any CPU
	EndGlobalSection
	GlobalSection(SolutionProperties) = preSolution
		HideSolutionNode = FALSE
	EndGlobalSection
	GlobalSection(ExtensibilityGlobals) = postSolution
		SolutionGuid = {F7AA1CC4-E38B-42D4-9C86-B4730E7B042C}
	EndGlobalSection
EndGlobal
